// !$*UTF8*$!
{
	archiveVersion = 1;
	classes = {
	};
	objectVersion = 51;
	objects = {

/* Begin PBXBuildFile section */
		B808BAFC2512690E00AC8662 /* DataStorage.swift in Sources */ = {isa = PBXBuildFile; fileRef = B808BAFB2512690E00AC8662 /* DataStorage.swift */; };
		B82B0D8024F07B3A008132DC /* Species.swift in Sources */ = {isa = PBXBuildFile; fileRef = B82B0D7F24F07B3A008132DC /* Species.swift */; };
		B833A78B25178B1D006F5FF2 /* AddNewNameController.swift in Sources */ = {isa = PBXBuildFile; fileRef = B833A78A25178B1D006F5FF2 /* AddNewNameController.swift */; };
		B833A78D2517E512006F5FF2 /* ChangeSpeciesController.swift in Sources */ = {isa = PBXBuildFile; fileRef = B833A78C2517E512006F5FF2 /* ChangeSpeciesController.swift */; };
		B83CF354250D5DFD003BEBB9 /* SideMenuController.swift in Sources */ = {isa = PBXBuildFile; fileRef = B83CF353250D5DFD003BEBB9 /* SideMenuController.swift */; };
		B84DB63224EC58EF00D1B926 /* AppDelegate.swift in Sources */ = {isa = PBXBuildFile; fileRef = B84DB63124EC58EF00D1B926 /* AppDelegate.swift */; };
		B84DB63424EC58EF00D1B926 /* SceneDelegate.swift in Sources */ = {isa = PBXBuildFile; fileRef = B84DB63324EC58EF00D1B926 /* SceneDelegate.swift */; };
		B84DB63924EC58EF00D1B926 /* Main.storyboard in Resources */ = {isa = PBXBuildFile; fileRef = B84DB63724EC58EF00D1B926 /* Main.storyboard */; };
		B84DB63B24EC58F800D1B926 /* Assets.xcassets in Resources */ = {isa = PBXBuildFile; fileRef = B84DB63A24EC58F800D1B926 /* Assets.xcassets */; };
		B84DB63E24EC58F800D1B926 /* LaunchScreen.storyboard in Resources */ = {isa = PBXBuildFile; fileRef = B84DB63C24EC58F800D1B926 /* LaunchScreen.storyboard */; };
		B84DB64824EC5FEE00D1B926 /* AddNewPetController.swift in Sources */ = {isa = PBXBuildFile; fileRef = B84DB64724EC5FEE00D1B926 /* AddNewPetController.swift */; };
		B84DB64A24EC605A00D1B926 /* Pet.swift in Sources */ = {isa = PBXBuildFile; fileRef = B84DB64924EC605A00D1B926 /* Pet.swift */; };
		B8D375B6251657340074EBB9 /* PetDetailController.swift in Sources */ = {isa = PBXBuildFile; fileRef = B8D375B5251657340074EBB9 /* PetDetailController.swift */; };
		F67293394B24A6AACF95F6C3 /* Pods_petCare.framework in Frameworks */ = {isa = PBXBuildFile; fileRef = BDA67E4CC11552C38B0D8273 /* Pods_petCare.framework */; };
/* End PBXBuildFile section */

/* Begin PBXFileReference section */
		0294C21F6F931CD48F55DA29 /* Pods-petCare.release.xcconfig */ = {isa = PBXFileReference; includeInIndex = 1; lastKnownFileType = text.xcconfig; name = "Pods-petCare.release.xcconfig"; path = "Target Support Files/Pods-petCare/Pods-petCare.release.xcconfig"; sourceTree = "<group>"; };
		B808BAFB2512690E00AC8662 /* DataStorage.swift */ = {isa = PBXFileReference; lastKnownFileType = sourcecode.swift; path = DataStorage.swift; sourceTree = "<group>"; };
		B82B0D7F24F07B3A008132DC /* Species.swift */ = {isa = PBXFileReference; lastKnownFileType = sourcecode.swift; path = Species.swift; sourceTree = "<group>"; };
		B833A78A25178B1D006F5FF2 /* AddNewNameController.swift */ = {isa = PBXFileReference; lastKnownFileType = sourcecode.swift; path = AddNewNameController.swift; sourceTree = "<group>"; };
		B833A78C2517E512006F5FF2 /* ChangeSpeciesController.swift */ = {isa = PBXFileReference; lastKnownFileType = sourcecode.swift; path = ChangeSpeciesController.swift; sourceTree = "<group>"; };
		B83CF353250D5DFD003BEBB9 /* SideMenuController.swift */ = {isa = PBXFileReference; lastKnownFileType = sourcecode.swift; path = SideMenuController.swift; sourceTree = "<group>"; };
		B84DB62E24EC58EF00D1B926 /* petCare.app */ = {isa = PBXFileReference; explicitFileType = wrapper.application; includeInIndex = 0; path = petCare.app; sourceTree = BUILT_PRODUCTS_DIR; };
		B84DB63124EC58EF00D1B926 /* AppDelegate.swift */ = {isa = PBXFileReference; lastKnownFileType = sourcecode.swift; path = AppDelegate.swift; sourceTree = "<group>"; };
		B84DB63324EC58EF00D1B926 /* SceneDelegate.swift */ = {isa = PBXFileReference; lastKnownFileType = sourcecode.swift; path = SceneDelegate.swift; sourceTree = "<group>"; };
		B84DB63824EC58EF00D1B926 /* Base */ = {isa = PBXFileReference; lastKnownFileType = file.storyboard; name = Base; path = Base.lproj/Main.storyboard; sourceTree = "<group>"; };
		B84DB63A24EC58F800D1B926 /* Assets.xcassets */ = {isa = PBXFileReference; lastKnownFileType = folder.assetcatalog; path = Assets.xcassets; sourceTree = "<group>"; };
		B84DB63D24EC58F800D1B926 /* Base */ = {isa = PBXFileReference; lastKnownFileType = file.storyboard; name = Base; path = Base.lproj/LaunchScreen.storyboard; sourceTree = "<group>"; };
		B84DB63F24EC58F800D1B926 /* Info.plist */ = {isa = PBXFileReference; lastKnownFileType = text.plist.xml; path = Info.plist; sourceTree = "<group>"; };
		B84DB64724EC5FEE00D1B926 /* AddNewPetController.swift */ = {isa = PBXFileReference; lastKnownFileType = sourcecode.swift; path = AddNewPetController.swift; sourceTree = "<group>"; };
		B84DB64924EC605A00D1B926 /* Pet.swift */ = {isa = PBXFileReference; lastKnownFileType = sourcecode.swift; path = Pet.swift; sourceTree = "<group>"; };
		B8D375B5251657340074EBB9 /* PetDetailController.swift */ = {isa = PBXFileReference; lastKnownFileType = sourcecode.swift; path = PetDetailController.swift; sourceTree = "<group>"; };
		BAFA575A339944A53160EE72 /* Pods-petCare.debug.xcconfig */ = {isa = PBXFileReference; includeInIndex = 1; lastKnownFileType = text.xcconfig; name = "Pods-petCare.debug.xcconfig"; path = "Target Support Files/Pods-petCare/Pods-petCare.debug.xcconfig"; sourceTree = "<group>"; };
		BDA67E4CC11552C38B0D8273 /* Pods_petCare.framework */ = {isa = PBXFileReference; explicitFileType = wrapper.framework; includeInIndex = 0; path = Pods_petCare.framework; sourceTree = BUILT_PRODUCTS_DIR; };
/* End PBXFileReference section */

/* Begin PBXFrameworksBuildPhase section */
		B84DB62B24EC58EE00D1B926 /* Frameworks */ = {
			isa = PBXFrameworksBuildPhase;
			buildActionMask = 2147483647;
			files = (
				F67293394B24A6AACF95F6C3 /* Pods_petCare.framework in Frameworks */,
			);
			runOnlyForDeploymentPostprocessing = 0;
		};
/* End PBXFrameworksBuildPhase section */

/* Begin PBXGroup section */
		981A26120266F692C630D8C7 /* Frameworks */ = {
			isa = PBXGroup;
			children = (
				BDA67E4CC11552C38B0D8273 /* Pods_petCare.framework */,
			);
			name = Frameworks;
			sourceTree = "<group>";
		};
		B84DB62524EC58EE00D1B926 = {
			isa = PBXGroup;
			children = (
				B84DB63024EC58EF00D1B926 /* petCare */,
				B84DB62F24EC58EF00D1B926 /* Products */,
				E2F4092BD74D83E8875C279A /* Pods */,
				981A26120266F692C630D8C7 /* Frameworks */,
			);
			sourceTree = "<group>";
		};
		B84DB62F24EC58EF00D1B926 /* Products */ = {
			isa = PBXGroup;
			children = (
				B84DB62E24EC58EF00D1B926 /* petCare.app */,
			);
			name = Products;
			sourceTree = "<group>";
		};
		B84DB63024EC58EF00D1B926 /* petCare */ = {
			isa = PBXGroup;
			children = (
				B84DB63124EC58EF00D1B926 /* AppDelegate.swift */,
				B84DB63324EC58EF00D1B926 /* SceneDelegate.swift */,
				B84DB63724EC58EF00D1B926 /* Main.storyboard */,
				B84DB63A24EC58F800D1B926 /* Assets.xcassets */,
				B84DB63C24EC58F800D1B926 /* LaunchScreen.storyboard */,
				B84DB63F24EC58F800D1B926 /* Info.plist */,
				B84DB64724EC5FEE00D1B926 /* AddNewPetController.swift */,
				B84DB64924EC605A00D1B926 /* Pet.swift */,
				B82B0D7F24F07B3A008132DC /* Species.swift */,
				B83CF353250D5DFD003BEBB9 /* SideMenuController.swift */,
				B808BAFB2512690E00AC8662 /* DataStorage.swift */,
				B8D375B5251657340074EBB9 /* PetDetailController.swift */,
				B833A78A25178B1D006F5FF2 /* AddNewNameController.swift */,
				B833A78C2517E512006F5FF2 /* ChangeSpeciesController.swift */,
			);
			path = petCare;
			sourceTree = "<group>";
		};
		E2F4092BD74D83E8875C279A /* Pods */ = {
			isa = PBXGroup;
			children = (
				BAFA575A339944A53160EE72 /* Pods-petCare.debug.xcconfig */,
				0294C21F6F931CD48F55DA29 /* Pods-petCare.release.xcconfig */,
			);
			path = Pods;
			sourceTree = "<group>";
		};
/* End PBXGroup section */

/* Begin PBXNativeTarget section */
		B84DB62D24EC58EE00D1B926 /* petCare */ = {
			isa = PBXNativeTarget;
			buildConfigurationList = B84DB64224EC58F800D1B926 /* Build configuration list for PBXNativeTarget "petCare" */;
			buildPhases = (
				22E7DC0ECDEF93F017015CBE /* [CP] Check Pods Manifest.lock */,
				B84DB62A24EC58EE00D1B926 /* Sources */,
				B84DB62B24EC58EE00D1B926 /* Frameworks */,
				B84DB62C24EC58EE00D1B926 /* Resources */,
				BDAF42F39F69888CC9E6380B /* [CP] Embed Pods Frameworks */,
			);
			buildRules = (
			);
			dependencies = (
			);
			name = petCare;
			productName = petCare;
			productReference = B84DB62E24EC58EF00D1B926 /* petCare.app */;
			productType = "com.apple.product-type.application";
		};
/* End PBXNativeTarget section */

/* Begin PBXProject section */
		B84DB62624EC58EE00D1B926 /* Project object */ = {
			isa = PBXProject;
			attributes = {
				LastSwiftUpdateCheck = 1140;
				LastUpgradeCheck = 1140;
				ORGANIZATIONNAME = "FI MU";
				TargetAttributes = {
					B84DB62D24EC58EE00D1B926 = {
						CreatedOnToolsVersion = 11.4.1;
					};
				};
			};
			buildConfigurationList = B84DB62924EC58EE00D1B926 /* Build configuration list for PBXProject "petCare" */;
			compatibilityVersion = "Xcode 9.3";
			developmentRegion = en;
			hasScannedForEncodings = 0;
			knownRegions = (
				en,
				Base,
			);
			mainGroup = B84DB62524EC58EE00D1B926;
			productRefGroup = B84DB62F24EC58EF00D1B926 /* Products */;
			projectDirPath = "";
			projectRoot = "";
			targets = (
				B84DB62D24EC58EE00D1B926 /* petCare */,
			);
		};
/* End PBXProject section */

/* Begin PBXResourcesBuildPhase section */
		B84DB62C24EC58EE00D1B926 /* Resources */ = {
			isa = PBXResourcesBuildPhase;
			buildActionMask = 2147483647;
			files = (
				B84DB63E24EC58F800D1B926 /* LaunchScreen.storyboard in Resources */,
				B84DB63B24EC58F800D1B926 /* Assets.xcassets in Resources */,
				B84DB63924EC58EF00D1B926 /* Main.storyboard in Resources */,
			);
			runOnlyForDeploymentPostprocessing = 0;
		};
/* End PBXResourcesBuildPhase section */

/* Begin PBXShellScriptBuildPhase section */
		22E7DC0ECDEF93F017015CBE /* [CP] Check Pods Manifest.lock */ = {
			isa = PBXShellScriptBuildPhase;
			buildActionMask = 2147483647;
			files = (
			);
			inputFileListPaths = (
			);
			inputPaths = (
				"${PODS_PODFILE_DIR_PATH}/Podfile.lock",
				"${PODS_ROOT}/Manifest.lock",
			);
			name = "[CP] Check Pods Manifest.lock";
			outputFileListPaths = (
			);
			outputPaths = (
				"$(DERIVED_FILE_DIR)/Pods-petCare-checkManifestLockResult.txt",
			);
			runOnlyForDeploymentPostprocessing = 0;
			shellPath = /bin/sh;
			shellScript = "diff \"${PODS_PODFILE_DIR_PATH}/Podfile.lock\" \"${PODS_ROOT}/Manifest.lock\" > /dev/null\nif [ $? != 0 ] ; then\n    # print error to STDERR\n    echo \"error: The sandbox is not in sync with the Podfile.lock. Run 'pod install' or update your CocoaPods installation.\" >&2\n    exit 1\nfi\n# This output is used by Xcode 'outputs' to avoid re-running this script phase.\necho \"SUCCESS\" > \"${SCRIPT_OUTPUT_FILE_0}\"\n";
			showEnvVarsInLog = 0;
		};
		BDAF42F39F69888CC9E6380B /* [CP] Embed Pods Frameworks */ = {
			isa = PBXShellScriptBuildPhase;
			buildActionMask = 2147483647;
			files = (
			);
			inputFileListPaths = (
				"${PODS_ROOT}/Target Support Files/Pods-petCare/Pods-petCare-frameworks-${CONFIGURATION}-input-files.xcfilelist",
			);
			name = "[CP] Embed Pods Frameworks";
			outputFileListPaths = (
				"${PODS_ROOT}/Target Support Files/Pods-petCare/Pods-petCare-frameworks-${CONFIGURATION}-output-files.xcfilelist",
			);
			runOnlyForDeploymentPostprocessing = 0;
			shellPath = /bin/sh;
			shellScript = "\"${PODS_ROOT}/Target Support Files/Pods-petCare/Pods-petCare-frameworks.sh\"\n";
			showEnvVarsInLog = 0;
		};
/* End PBXShellScriptBuildPhase section */

/* Begin PBXSourcesBuildPhase section */
		B84DB62A24EC58EE00D1B926 /* Sources */ = {
			isa = PBXSourcesBuildPhase;
			buildActionMask = 2147483647;
			files = (
				B84DB64A24EC605A00D1B926 /* Pet.swift in Sources */,
				B833A78B25178B1D006F5FF2 /* AddNewNameController.swift in Sources */,
				B84DB64824EC5FEE00D1B926 /* AddNewPetController.swift in Sources */,
				B808BAFC2512690E00AC8662 /* DataStorage.swift in Sources */,
				B833A78D2517E512006F5FF2 /* ChangeSpeciesController.swift in Sources */,
				B84DB63224EC58EF00D1B926 /* AppDelegate.swift in Sources */,
				B8D375B6251657340074EBB9 /* PetDetailController.swift in Sources */,
				B83CF354250D5DFD003BEBB9 /* SideMenuController.swift in Sources */,
				B82B0D8024F07B3A008132DC /* Species.swift in Sources */,
				B84DB63424EC58EF00D1B926 /* SceneDelegate.swift in Sources */,
			);
			runOnlyForDeploymentPostprocessing = 0;
		};
/* End PBXSourcesBuildPhase section */

/* Begin PBXVariantGroup section */
		B84DB63724EC58EF00D1B926 /* Main.storyboard */ = {
			isa = PBXVariantGroup;
			children = (
				B84DB63824EC58EF00D1B926 /* Base */,
			);
			name = Main.storyboard;
			sourceTree = "<group>";
		};
		B84DB63C24EC58F800D1B926 /* LaunchScreen.storyboard */ = {
			isa = PBXVariantGroup;
			children = (
				B84DB63D24EC58F800D1B926 /* Base */,
			);
			name = LaunchScreen.storyboard;
			sourceTree = "<group>";
		};
/* End PBXVariantGroup section */

/* Begin XCBuildConfiguration section */
		B84DB64024EC58F800D1B926 /* Debug */ = {
			isa = XCBuildConfiguration;
			buildSettings = {
				ALWAYS_SEARCH_USER_PATHS = NO;
				CLANG_ANALYZER_NONNULL = YES;
				CLANG_ANALYZER_NUMBER_OBJECT_CONVERSION = YES_AGGRESSIVE;
				CLANG_CXX_LANGUAGE_STANDARD = "gnu++14";
				CLANG_CXX_LIBRARY = "libc++";
				CLANG_ENABLE_MODULES = YES;
				CLANG_ENABLE_OBJC_ARC = YES;
				CLANG_ENABLE_OBJC_WEAK = YES;
				CLANG_WARN_BLOCK_CAPTURE_AUTORELEASING = YES;
				CLANG_WARN_BOOL_CONVERSION = YES;
				CLANG_WARN_COMMA = YES;
				CLANG_WARN_CONSTANT_CONVERSION = YES;
				CLANG_WARN_DEPRECATED_OBJC_IMPLEMENTATIONS = YES;
				CLANG_WARN_DIRECT_OBJC_ISA_USAGE = YES_ERROR;
				CLANG_WARN_DOCUMENTATION_COMMENTS = YES;
				CLANG_WARN_EMPTY_BODY = YES;
				CLANG_WARN_ENUM_CONVERSION = YES;
				CLANG_WARN_INFINITE_RECURSION = YES;
				CLANG_WARN_INT_CONVERSION = YES;
				CLANG_WARN_NON_LITERAL_NULL_CONVERSION = YES;
				CLANG_WARN_OBJC_IMPLICIT_RETAIN_SELF = YES;
				CLANG_WARN_OBJC_LITERAL_CONVERSION = YES;
				CLANG_WARN_OBJC_ROOT_CLASS = YES_ERROR;
				CLANG_WARN_RANGE_LOOP_ANALYSIS = YES;
				CLANG_WARN_STRICT_PROTOTYPES = YES;
				CLANG_WARN_SUSPICIOUS_MOVE = YES;
				CLANG_WARN_UNGUARDED_AVAILABILITY = YES_AGGRESSIVE;
				CLANG_WARN_UNREACHABLE_CODE = YES;
				CLANG_WARN__DUPLICATE_METHOD_MATCH = YES;
				COPY_PHASE_STRIP = NO;
				DEBUG_INFORMATION_FORMAT = dwarf;
				ENABLE_STRICT_OBJC_MSGSEND = YES;
				ENABLE_TESTABILITY = YES;
				GCC_C_LANGUAGE_STANDARD = gnu11;
				GCC_DYNAMIC_NO_PIC = NO;
				GCC_NO_COMMON_BLOCKS = YES;
				GCC_OPTIMIZATION_LEVEL = 0;
				GCC_PREPROCESSOR_DEFINITIONS = (
					"DEBUG=1",
					"$(inherited)",
				);
				GCC_WARN_64_TO_32_BIT_CONVERSION = YES;
				GCC_WARN_ABOUT_RETURN_TYPE = YES_ERROR;
				GCC_WARN_UNDECLARED_SELECTOR = YES;
				GCC_WARN_UNINITIALIZED_AUTOS = YES_AGGRESSIVE;
				GCC_WARN_UNUSED_FUNCTION = YES;
				GCC_WARN_UNUSED_VARIABLE = YES;
				IPHONEOS_DEPLOYMENT_TARGET = 13.4;
				MTL_ENABLE_DEBUG_INFO = INCLUDE_SOURCE;
				MTL_FAST_MATH = YES;
				ONLY_ACTIVE_ARCH = YES;
				SDKROOT = iphoneos;
				SWIFT_ACTIVE_COMPILATION_CONDITIONS = DEBUG;
				SWIFT_OPTIMIZATION_LEVEL = "-Onone";
			};
			name = Debug;
		};
		B84DB64124EC58F800D1B926 /* Release */ = {
			isa = XCBuildConfiguration;
			buildSettings = {
				ALWAYS_SEARCH_USER_PATHS = NO;
				CLANG_ANALYZER_NONNULL = YES;
				CLANG_ANALYZER_NUMBER_OBJECT_CONVERSION = YES_AGGRESSIVE;
				CLANG_CXX_LANGUAGE_STANDARD = "gnu++14";
				CLANG_CXX_LIBRARY = "libc++";
				CLANG_ENABLE_MODULES = YES;
				CLANG_ENABLE_OBJC_ARC = YES;
				CLANG_ENABLE_OBJC_WEAK = YES;
				CLANG_WARN_BLOCK_CAPTURE_AUTORELEASING = YES;
				CLANG_WARN_BOOL_CONVERSION = YES;
				CLANG_WARN_COMMA = YES;
				CLANG_WARN_CONSTANT_CONVERSION = YES;
				CLANG_WARN_DEPRECATED_OBJC_IMPLEMENTATIONS = YES;
				CLANG_WARN_DIRECT_OBJC_ISA_USAGE = YES_ERROR;
				CLANG_WARN_DOCUMENTATION_COMMENTS = YES;
				CLANG_WARN_EMPTY_BODY = YES;
				CLANG_WARN_ENUM_CONVERSION = YES;
				CLANG_WARN_INFINITE_RECURSION = YES;
				CLANG_WARN_INT_CONVERSION = YES;
				CLANG_WARN_NON_LITERAL_NULL_CONVERSION = YES;
				CLANG_WARN_OBJC_IMPLICIT_RETAIN_SELF = YES;
				CLANG_WARN_OBJC_LITERAL_CONVERSION = YES;
				CLANG_WARN_OBJC_ROOT_CLASS = YES_ERROR;
				CLANG_WARN_RANGE_LOOP_ANALYSIS = YES;
				CLANG_WARN_STRICT_PROTOTYPES = YES;
				CLANG_WARN_SUSPICIOUS_MOVE = YES;
				CLANG_WARN_UNGUARDED_AVAILABILITY = YES_AGGRESSIVE;
				CLANG_WARN_UNREACHABLE_CODE = YES;
				CLANG_WARN__DUPLICATE_METHOD_MATCH = YES;
				COPY_PHASE_STRIP = NO;
				DEBUG_INFORMATION_FORMAT = "dwarf-with-dsym";
				ENABLE_NS_ASSERTIONS = NO;
				ENABLE_STRICT_OBJC_MSGSEND = YES;
				GCC_C_LANGUAGE_STANDARD = gnu11;
				GCC_NO_COMMON_BLOCKS = YES;
				GCC_WARN_64_TO_32_BIT_CONVERSION = YES;
				GCC_WARN_ABOUT_RETURN_TYPE = YES_ERROR;
				GCC_WARN_UNDECLARED_SELECTOR = YES;
				GCC_WARN_UNINITIALIZED_AUTOS = YES_AGGRESSIVE;
				GCC_WARN_UNUSED_FUNCTION = YES;
				GCC_WARN_UNUSED_VARIABLE = YES;
				IPHONEOS_DEPLOYMENT_TARGET = 13.4;
				MTL_ENABLE_DEBUG_INFO = NO;
				MTL_FAST_MATH = YES;
				SDKROOT = iphoneos;
				SWIFT_COMPILATION_MODE = wholemodule;
				SWIFT_OPTIMIZATION_LEVEL = "-O";
				VALIDATE_PRODUCT = YES;
			};
			name = Release;
		};
		B84DB64324EC58F800D1B926 /* Debug */ = {
			isa = XCBuildConfiguration;
			baseConfigurationReference = BAFA575A339944A53160EE72 /* Pods-petCare.debug.xcconfig */;
			buildSettings = {
				ASSETCATALOG_COMPILER_APPICON_NAME = AppIcon;
				CODE_SIGN_STYLE = Automatic;
				INFOPLIST_FILE = petCare/Info.plist;
				LD_RUNPATH_SEARCH_PATHS = (
					"$(inherited)",
					"@executable_path/Frameworks",
				);
				PRODUCT_BUNDLE_IDENTIFIER = cz.muni.fi.petCare;
				PRODUCT_NAME = "$(TARGET_NAME)";
				SWIFT_VERSION = 5.0;
				TARGETED_DEVICE_FAMILY = "1,2";
			};
			name = Debug;
		};
		B84DB64424EC58F800D1B926 /* Release */ = {
			isa = XCBuildConfiguration;
			baseConfigurationReference = 0294C21F6F931CD48F55DA29 /* Pods-petCare.release.xcconfig */;
			buildSettings = {
				ASSETCATALOG_COMPILER_APPICON_NAME = AppIcon;
				CODE_SIGN_STYLE = Automatic;
				INFOPLIST_FILE = petCare/Info.plist;
				LD_RUNPATH_SEARCH_PATHS = (
					"$(inherited)",
					"@executable_path/Frameworks",
				);
				PRODUCT_BUNDLE_IDENTIFIER = cz.muni.fi.petCare;
				PRODUCT_NAME = "$(TARGET_NAME)";
				SWIFT_VERSION = 5.0;
				TARGETED_DEVICE_FAMILY = "1,2";
			};
			name = Release;
		};
/* End XCBuildConfiguration section */

/* Begin XCConfigurationList section */
		B84DB62924EC58EE00D1B926 /* Build configuration list for PBXProject "petCare" */ = {
			isa = XCConfigurationList;
			buildConfigurations = (
				B84DB64024EC58F800D1B926 /* Debug */,
				B84DB64124EC58F800D1B926 /* Release */,
			);
			defaultConfigurationIsVisible = 0;
			defaultConfigurationName = Release;
		};
		B84DB64224EC58F800D1B926 /* Build configuration list for PBXNativeTarget "petCare" */ = {
			isa = XCConfigurationList;
			buildConfigurations = (
				B84DB64324EC58F800D1B926 /* Debug */,
				B84DB64424EC58F800D1B926 /* Release */,
			);
			defaultConfigurationIsVisible = 0;
			defaultConfigurationName = Release;
		};
/* End XCConfigurationList section */
	};
	rootObject = B84DB62624EC58EE00D1B926 /* Project object */;
}
